
Microsoft Visual Studio Solution File, Format Version 12.00
# Visual Studio Version 16
VisualStudioVersion = 16.0.31321.278
MinimumVisualStudioVersion = 10.0.40219.1
Project("{9A19103F-16F7-4668-BE54-9A1E7A4F7556}") = "CaroOnline2021", "CaroOnline2021.csproj", "{D44FD088-5030-4F25-8B1E-E9F92D8B1F2E}"
EndProject
Global
	GlobalSection(SolutionConfigurationPlatforms) = preSolution
		Debug|Any CPU = Debug|Any CPU
		Release|Any CPU = Release|Any CPU
	EndGlobalSection
	GlobalSection(ProjectConfigurationPlatforms) = postSolution
		{D44FD088-5030-4F25-8B1E-E9F92D8B1F2E}.Debug|Any CPU.ActiveCfg = Debug|Any CPU
		{D44FD088-5030-4F25-8B1E-E9F92D8B1F2E}.Debug|Any CPU.Build.0 = Debug|Any CPU
		{D44FD088-5030-4F25-8B1E-E9F92D8B1F2E}.Release|Any CPU.ActiveCfg = Release|Any CPU
		{D44FD088-5030-4F25-8B1E-E9F92D8B1F2E}.Release|Any CPU.Build.0 = Release|Any CPU
	EndGlobalSection
	GlobalSection(SolutionProperties) = preSolution
		HideSolutionNode = FALSE
	EndGlobalSection
	GlobalSection(ExtensibilityGlobals) = postSolution
		SolutionGuid = {47B19333-95FF-475F-9B0D-33AD8FEF4396}
	EndGlobalSection
EndGlobal
